
Microsoft Visual Studio Solution File, Format Version 12.00
# Visual Studio Version 17
VisualStudioVersion = 17.0.31903.59
MinimumVisualStudioVersion = 10.0.40219.1
Project("{2150E333-8FDC-42A3-9474-1A3956D46DE8}") = "src", "src", "{F5AD359B-DD0E-4356-B29B-37DB30C19DCA}"
EndProject
Project("{FAE04EC0-301F-11D3-BF4B-00C04F79EFBC}") = "Projects.Common", "src\Projects.Common\Projects.Common.csproj", "{555BD7F9-A9B0-48ED-9B6E-22C3B1083B0F}"
EndProject
Project("{FAE04EC0-301F-11D3-BF4B-00C04F79EFBC}") = "Projects.Console", "src\Projects.Console\Projects.Console.csproj", "{27F81848-329E-415F-85B4-729D4700AEEC}"
EndProject
Project("{FAE04EC0-301F-11D3-BF4B-00C04F79EFBC}") = "Projects.Data", "src\Projects.Data\Projects.Data.csproj", "{F2517D74-BA21-423A-96C0-AE8D83DAB630}"
EndProject
Project("{FAE04EC0-301F-11D3-BF4B-00C04F79EFBC}") = "Projects.Web", "src\Projects.web\Projects.Web.csproj", "{06C4C884-653A-4AEA-A91B-9B5F3A221B47}"
EndProject
Project("{FAE04EC0-301F-11D3-BF4B-00C04F79EFBC}") = "Projects.Rest", "src\Projects.Rest\Projects.Rest.csproj", "{4A797A47-D12C-4BAE-8E2E-0B622AB8F7F4}"
EndProject
Project("{FAE04EC0-301F-11D3-BF4B-00C04F79EFBC}") = "Projects.Codegen", "src\Projects.Codegen\Projects.Codegen.csproj", "{3D3BDD1D-2ECB-434F-9514-3912A987284C}"
EndProject
Global
	GlobalSection(SolutionConfigurationPlatforms) = preSolution
		Debug|Any CPU = Debug|Any CPU
		Release|Any CPU = Release|Any CPU
	EndGlobalSection
	GlobalSection(ProjectConfigurationPlatforms) = postSolution
		{555BD7F9-A9B0-48ED-9B6E-22C3B1083B0F}.Debug|Any CPU.ActiveCfg = Debug|Any CPU
		{555BD7F9-A9B0-48ED-9B6E-22C3B1083B0F}.Debug|Any CPU.Build.0 = Debug|Any CPU
		{555BD7F9-A9B0-48ED-9B6E-22C3B1083B0F}.Release|Any CPU.ActiveCfg = Release|Any CPU
		{555BD7F9-A9B0-48ED-9B6E-22C3B1083B0F}.Release|Any CPU.Build.0 = Release|Any CPU
		{27F81848-329E-415F-85B4-729D4700AEEC}.Debug|Any CPU.ActiveCfg = Debug|Any CPU
		{27F81848-329E-415F-85B4-729D4700AEEC}.Debug|Any CPU.Build.0 = Debug|Any CPU
		{27F81848-329E-415F-85B4-729D4700AEEC}.Release|Any CPU.ActiveCfg = Release|Any CPU
		{27F81848-329E-415F-85B4-729D4700AEEC}.Release|Any CPU.Build.0 = Release|Any CPU
		{F2517D74-BA21-423A-96C0-AE8D83DAB630}.Debug|Any CPU.ActiveCfg = Debug|Any CPU
		{F2517D74-BA21-423A-96C0-AE8D83DAB630}.Debug|Any CPU.Build.0 = Debug|Any CPU
		{F2517D74-BA21-423A-96C0-AE8D83DAB630}.Release|Any CPU.ActiveCfg = Release|Any CPU
		{F2517D74-BA21-423A-96C0-AE8D83DAB630}.Release|Any CPU.Build.0 = Release|Any CPU
		{06C4C884-653A-4AEA-A91B-9B5F3A221B47}.Debug|Any CPU.ActiveCfg = Debug|Any CPU
		{06C4C884-653A-4AEA-A91B-9B5F3A221B47}.Debug|Any CPU.Build.0 = Debug|Any CPU
		{06C4C884-653A-4AEA-A91B-9B5F3A221B47}.Release|Any CPU.ActiveCfg = Release|Any CPU
		{06C4C884-653A-4AEA-A91B-9B5F3A221B47}.Release|Any CPU.Build.0 = Release|Any CPU
		{4A797A47-D12C-4BAE-8E2E-0B622AB8F7F4}.Debug|Any CPU.ActiveCfg = Debug|Any CPU
		{4A797A47-D12C-4BAE-8E2E-0B622AB8F7F4}.Debug|Any CPU.Build.0 = Debug|Any CPU
		{4A797A47-D12C-4BAE-8E2E-0B622AB8F7F4}.Release|Any CPU.ActiveCfg = Release|Any CPU
		{4A797A47-D12C-4BAE-8E2E-0B622AB8F7F4}.Release|Any CPU.Build.0 = Release|Any CPU
		{3D3BDD1D-2ECB-434F-9514-3912A987284C}.Debug|Any CPU.ActiveCfg = Debug|Any CPU
		{3D3BDD1D-2ECB-434F-9514-3912A987284C}.Debug|Any CPU.Build.0 = Debug|Any CPU
		{3D3BDD1D-2ECB-434F-9514-3912A987284C}.Release|Any CPU.ActiveCfg = Release|Any CPU
		{3D3BDD1D-2ECB-434F-9514-3912A987284C}.Release|Any CPU.Build.0 = Release|Any CPU
	EndGlobalSection
	GlobalSection(SolutionProperties) = preSolution
		HideSolutionNode = FALSE
	EndGlobalSection
	GlobalSection(NestedProjects) = preSolution
		{555BD7F9-A9B0-48ED-9B6E-22C3B1083B0F} = {F5AD359B-DD0E-4356-B29B-37DB30C19DCA}
		{27F81848-329E-415F-85B4-729D4700AEEC} = {F5AD359B-DD0E-4356-B29B-37DB30C19DCA}
		{F2517D74-BA21-423A-96C0-AE8D83DAB630} = {F5AD359B-DD0E-4356-B29B-37DB30C19DCA}
		{06C4C884-653A-4AEA-A91B-9B5F3A221B47} = {F5AD359B-DD0E-4356-B29B-37DB30C19DCA}
		{4A797A47-D12C-4BAE-8E2E-0B622AB8F7F4} = {F5AD359B-DD0E-4356-B29B-37DB30C19DCA}
		{3D3BDD1D-2ECB-434F-9514-3912A987284C} = {F5AD359B-DD0E-4356-B29B-37DB30C19DCA}
	EndGlobalSection
EndGlobal
